
Microsoft Visual Studio Solution File, Format Version 12.00
# Visual Studio Version 17
VisualStudioVersion = 17.9.34616.47
MinimumVisualStudioVersion = 10.0.40219.1
Project("{FAE04EC0-301F-11D3-BF4B-00C04F79EFBC}") = "TransLlallaguaDAO", "TransLlallaguaDAO\TransLlallaguaDAO.csproj", "{BC28A28D-229C-4ABD-87A6-45B990B3C70E}"
EndProject
Project("{FAE04EC0-301F-11D3-BF4B-00C04F79EFBC}") = "TransLlallaguaWPFf", "TransLlallaguaWPF\TransLlallaguaWPFf.csproj", "{C369F511-1C97-493C-BB9A-5079578557D0}"
EndProject
Global
	GlobalSection(SolutionConfigurationPlatforms) = preSolution
		Debug|Any CPU = Debug|Any CPU
		Release|Any CPU = Release|Any CPU
	EndGlobalSection
	GlobalSection(ProjectConfigurationPlatforms) = postSolution
		{BC28A28D-229C-4ABD-87A6-45B990B3C70E}.Debug|Any CPU.ActiveCfg = Debug|Any CPU
		{BC28A28D-229C-4ABD-87A6-45B990B3C70E}.Debug|Any CPU.Build.0 = Debug|Any CPU
		{BC28A28D-229C-4ABD-87A6-45B990B3C70E}.Release|Any CPU.ActiveCfg = Release|Any CPU
		{BC28A28D-229C-4ABD-87A6-45B990B3C70E}.Release|Any CPU.Build.0 = Release|Any CPU
		{C369F511-1C97-493C-BB9A-5079578557D0}.Debug|Any CPU.ActiveCfg = Debug|Any CPU
		{C369F511-1C97-493C-BB9A-5079578557D0}.Debug|Any CPU.Build.0 = Debug|Any CPU
		{C369F511-1C97-493C-BB9A-5079578557D0}.Release|Any CPU.ActiveCfg = Release|Any CPU
		{C369F511-1C97-493C-BB9A-5079578557D0}.Release|Any CPU.Build.0 = Release|Any CPU
	EndGlobalSection
	GlobalSection(SolutionProperties) = preSolution
		HideSolutionNode = FALSE
	EndGlobalSection
	GlobalSection(ExtensibilityGlobals) = postSolution
		SolutionGuid = {C9827353-5201-4D8E-A4D3-AD77AAC9CC52}
	EndGlobalSection
EndGlobal
